version = 1
revision = 3
requires-python = "==3.12.*"

[[package]]
name = "aiohappyeyeballs"
version = "2.6.1"
source = { registry = "https://pypi.org/simple" }
sdist = { url = "https://files.pythonhosted.org/packages/26/30/f84a107a9c4331c14b2b586036f40965c128aa4fee4dda5d3d51cb14ad54/aiohappyeyeballs-2.6.1.tar.gz", hash = "sha256:c3f9d0113123803ccadfdf3f0faa505bc78e6a72d1cc4806cbd719826e943558", size = 22760, upload-time = "2025-03-12T01:42:48.764Z" }
wheels = [
    { url = "https://files.pythonhosted.org/packages/0f/15/5bf3b99495fb160b63f95972b81750f18f7f4e02ad051373b669d17d44f2/aiohappyeyeballs-2.6.1-py3-none-any.whl", hash = "sha256:f349ba8f4b75cb25c99c5c2d84e997e485204d2902a9597802b0371f09331fb8", size = 15265, upload-time = "2025-03-12T01:42:47.083Z" },
]

[[package]]
name = "aiohttp"
version = "3.13.2"
source = { registry = "https://pypi.org/simple" }
dependencies = [
    { name = "aiohappyeyeballs" },
    { name = "aiosignal" },
    { name = "attrs" },
    { name = "frozenlist" },
    { name = "multidict" },
    { name = "propcache" },
    { name = "yarl" },
]
sdist = { url = "https://files.pythonhosted.org/packages/1c/ce/3b83ebba6b3207a7135e5fcaba49706f8a4b6008153b4e30540c982fae26/aiohttp-3.13.2.tar.gz", hash = "sha256:40176a52c186aefef6eb3cad2cdd30cd06e3afbe88fe8ab2af9c0b90f228daca", size = 7837994, upload-time = "2025-10-28T20:59:39.937Z" }
wheels = [
    { url = "https://files.pythonhosted.org/packages/29/9b/01f00e9856d0a73260e86dd8ed0c2234a466c5c1712ce1c281548df39777/aiohttp-3.13.2-cp312-cp312-macosx_10_13_universal2.whl", hash = "sha256:b1e56bab2e12b2b9ed300218c351ee2a3d8c8fdab5b1ec6193e11a817767e47b", size = 737623, upload-time = "2025-10-28T20:56:30.797Z" },
    { url = "https://files.pythonhosted.org/packages/5a/1b/4be39c445e2b2bd0aab4ba736deb649fabf14f6757f405f0c9685019b9e9/aiohttp-3.13.2-cp312-cp312-macosx_10_13_x86_64.whl", hash = "sha256:364e25edaabd3d37b1db1f0cbcee8c73c9a3727bfa262b83e5e4cf3489a2a9dc", size = 492664, upload-time = "2025-10-28T20:56:32.708Z" },
    { url = "https://files.pythonhosted.org/packages/28/66/d35dcfea8050e131cdd731dff36434390479b4045a8d0b9d7111b0a968f1/aiohttp-3.13.2-cp312-cp312-macosx_11_0_arm64.whl", hash = "sha256:c5c94825f744694c4b8db20b71dba9a257cd2ba8e010a803042123f3a25d50d7", size = 491808, upload-time = "2025-10-28T20:56:34.57Z" },
    { url = "https://files.pythonhosted.org/packages/00/29/8e4609b93e10a853b65f8291e64985de66d4f5848c5637cddc70e98f01f8/aiohttp-3.13.2-cp312-cp312-manylinux2014_aarch64.manylinux_2_17_aarch64.manylinux_2_28_aarch64.whl", hash = "sha256:ba2715d842ffa787be87cbfce150d5e88c87a98e0b62e0f5aa489169a393dbbb", size = 1738863, upload-time = "2025-10-28T20:56:36.377Z" },
    { url = "https://files.pythonhosted.org/packages/9d/fa/4ebdf4adcc0def75ced1a0d2d227577cd7b1b85beb7edad85fcc87693c75/aiohttp-3.13.2-cp312-cp312-manylinux2014_armv7l.manylinux_2_17_armv7l.manylinux_2_31_armv7l.whl", hash = "sha256:585542825c4bc662221fb257889e011a5aa00f1ae4d75d1d246a5225289183e3", size = 1700586, upload-time = "2025-10-28T20:56:38.034Z" },
    { url = "https://files.pythonhosted.org/packages/da/04/73f5f02ff348a3558763ff6abe99c223381b0bace05cd4530a0258e52597/aiohttp-3.13.2-cp312-cp312-manylinux2014_ppc64le.manylinux_2_17_ppc64le.manylinux_2_28_ppc64le.whl", hash = "sha256:39d02cb6025fe1aabca329c5632f48c9532a3dabccd859e7e2f110668972331f", size = 1768625, upload-time = "2025-10-28T20:56:39.75Z" },
    { url = "https://files.pythonhosted.org/packages/f8/49/a825b79ffec124317265ca7d2344a86bcffeb960743487cb11988ffb3494/aiohttp-3.13.2-cp312-cp312-manylinux2014_s390x.manylinux_2_17_s390x.manylinux_2_28_s390x.whl", hash = "sha256:e67446b19e014d37342f7195f592a2a948141d15a312fe0e700c2fd2f03124f6", size = 1867281, upload-time = "2025-10-28T20:56:41.471Z" },
    { url = "https://files.pythonhosted.org/packages/b9/48/adf56e05f81eac31edcfae45c90928f4ad50ef2e3ea72cb8376162a368f8/aiohttp-3.13.2-cp312-cp312-manylinux2014_x86_64.manylinux_2_17_x86_64.manylinux_2_28_x86_64.whl", hash = "sha256:4356474ad6333e41ccefd39eae869ba15a6c5299c9c01dfdcfdd5c107be4363e", size = 1752431, upload-time = "2025-10-28T20:56:43.162Z" },
    { url = "https://files.pythonhosted.org/packages/30/ab/593855356eead019a74e862f21523db09c27f12fd24af72dbc3555b9bfd9/aiohttp-3.13.2-cp312-cp312-manylinux_2_31_riscv64.manylinux_2_39_riscv64.whl", hash = "sha256:eeacf451c99b4525f700f078becff32c32ec327b10dcf31306a8a52d78166de7", size = 1562846, upload-time = "2025-10-28T20:56:44.85Z" },
    { url = "https://files.pythonhosted.org/packages/39/0f/9f3d32271aa8dc35036e9668e31870a9d3b9542dd6b3e2c8a30931cb27ae/aiohttp-3.13.2-cp312-cp312-musllinux_1_2_aarch64.whl", hash = "sha256:d8a9b889aeabd7a4e9af0b7f4ab5ad94d42e7ff679aaec6d0db21e3b639ad58d", size = 1699606, upload-time = "2025-10-28T20:56:46.519Z" },
    { url = "https://files.pythonhosted.org/packages/2c/3c/52d2658c5699b6ef7692a3f7128b2d2d4d9775f2a68093f74bca06cf01e1/aiohttp-3.13.2-cp312-cp312-musllinux_1_2_armv7l.whl", hash = "sha256:fa89cb11bc71a63b69568d5b8a25c3ca25b6d54c15f907ca1c130d72f320b76b", size = 1720663, upload-time = "2025-10-28T20:56:48.528Z" },
    { url = "https://files.pythonhosted.org/packages/9b/d4/8f8f3ff1fb7fb9e3f04fcad4e89d8a1cd8fc7d05de67e3de5b15b33008ff/aiohttp-3.13.2-cp312-cp312-musllinux_1_2_ppc64le.whl", hash = "sha256:8aa7c807df234f693fed0ecd507192fc97692e61fee5702cdc11155d2e5cadc8", size = 1737939, upload-time = "2025-10-28T20:56:50.77Z" },
    { url = "https://files.pythonhosted.org/packages/03/d3/ddd348f8a27a634daae39a1b8e291ff19c77867af438af844bf8b7e3231b/aiohttp-3.13.2-cp312-cp312-musllinux_1_2_riscv64.whl", hash = "sha256:9eb3e33fdbe43f88c3c75fa608c25e7c47bbd80f48d012763cb67c47f39a7e16", size = 1555132, upload-time = "2025-10-28T20:56:52.568Z" },
    { url = "https://files.pythonhosted.org/packages/39/b8/46790692dc46218406f94374903ba47552f2f9f90dad554eed61bfb7b64c/aiohttp-3.13.2-cp312-cp312-musllinux_1_2_s390x.whl", hash = "sha256:9434bc0d80076138ea986833156c5a48c9c7a8abb0c96039ddbb4afc93184169", size = 1764802, upload-time = "2025-10-28T20:56:54.292Z" },
    { url = "https://files.pythonhosted.org/packages/ba/e4/19ce547b58ab2a385e5f0b8aa3db38674785085abcf79b6e0edd1632b12f/aiohttp-3.13.2-cp312-cp312-musllinux_1_2_x86_64.whl", hash = "sha256:ff15c147b2ad66da1f2cbb0622313f2242d8e6e8f9b79b5206c84523a4473248", size = 1719512, upload-time = "2025-10-28T20:56:56.428Z" },
    { url = "https://files.pythonhosted.org/packages/70/30/6355a737fed29dcb6dfdd48682d5790cb5eab050f7b4e01f49b121d3acad/aiohttp-3.13.2-cp312-cp312-win32.whl", hash = "sha256:27e569eb9d9e95dbd55c0fc3ec3a9335defbf1d8bc1d20171a49f3c4c607b93e", size = 426690, upload-time = "2025-10-28T20:56:58.736Z" },
    { url = "https://files.pythonhosted.org/packages/0a/0d/b10ac09069973d112de6ef980c1f6bb31cb7dcd0bc363acbdad58f927873/aiohttp-3.13.2-cp312-cp312-win_amd64.whl", hash = "sha256:8709a0f05d59a71f33fd05c17fc11fcb8c30140506e13c2f5e8ee1b8964e1b45", size = 453465, upload-time = "2025-10-28T20:57:00.795Z" },
]

[[package]]
name = "aiomysql"
version = "0.3.2"
source = { registry = "https://pypi.org/simple" }
dependencies = [
    { name = "pymysql" },
]
sdist = { url = "https://files.pythonhosted.org/packages/29/e0/302aeffe8d90853556f47f3106b89c16cc2ec2a4d269bdfd82e3f4ae12cc/aiomysql-0.3.2.tar.gz", hash = "sha256:72d15ef5cfc34c03468eb41e1b90adb9fd9347b0b589114bd23ead569a02ac1a", size = 108311, upload-time = "2025-10-22T00:15:21.278Z" }
wheels = [
    { url = "https://files.pythonhosted.org/packages/4c/af/aae0153c3e28712adaf462328f6c7a3c196a1c1c27b491de4377dd3e6b52/aiomysql-0.3.2-py3-none-any.whl", hash = "sha256:c82c5ba04137d7afd5c693a258bea8ead2aad77101668044143a991e04632eb2", size = 71834, upload-time = "2025-10-22T00:15:15.905Z" },
]

[[package]]
name = "aiosignal"
version = "1.4.0"
source = { registry = "https://pypi.org/simple" }
dependencies = [
    { name = "frozenlist" },
    { name = "typing-extensions" },
]
sdist = { url = "https://files.pythonhosted.org/packages/61/62/06741b579156360248d1ec624842ad0edf697050bbaf7c3e46394e106ad1/aiosignal-1.4.0.tar.gz", hash = "sha256:f47eecd9468083c2029cc99945502cb7708b082c232f9aca65da147157b251c7", size = 25007, upload-time = "2025-07-03T22:54:43.528Z" }
wheels = [
    { url = "https://files.pythonhosted.org/packages/fb/76/641ae371508676492379f16e2fa48f4e2c11741bd63c48be4b12a6b09cba/aiosignal-1.4.0-py3-none-any.whl", hash = "sha256:053243f8b92b990551949e63930a839ff0cf0b0ebbe0597b0f3fb19e1a0fe82e", size = 7490, upload-time = "2025-07-03T22:54:42.156Z" },
]

[[package]]
name = "attrs"
version = "25.4.0"
source = { registry = "https://pypi.org/simple" }
sdist = { url = "https://files.pythonhosted.org/packages/6b/5c/685e6633917e101e5dcb62b9dd76946cbb57c26e133bae9e0cd36033c0a9/attrs-25.4.0.tar.gz", hash = "sha256:16d5969b87f0859ef33a48b35d55ac1be6e42ae49d5e853b597db70c35c57e11", size = 934251, upload-time = "2025-10-06T13:54:44.725Z" }
wheels = [
    { url = "https://files.pythonhosted.org/packages/3a/2a/7cc015f5b9f5db42b7d48157e23356022889fc354a2813c15934b7cb5c0e/attrs-25.4.0-py3-none-any.whl", hash = "sha256:adcf7e2a1fb3b36ac48d97835bb6d8ade15b8dcce26aba8bf1d14847b57a3373", size = 67615, upload-time = "2025-10-06T13:54:43.17Z" },
]

[[package]]
name = "colorama"
version = "0.4.6"
source = { registry = "https://pypi.org/simple" }
sdist = { url = "https://files.pythonhosted.org/packages/d8/53/6f443c9a4a8358a93a6792e2acffb9d9d5cb0a5cfd8802644b7b1c9a02e4/colorama-0.4.6.tar.gz", hash = "sha256:08695f5cb7ed6e0531a20572697297273c47b8cae5a63ffc6d6ed5c201be6e44", size = 27697, upload-time = "2022-10-25T02:36:22.414Z" }
wheels = [
    { url = "https://files.pythonhosted.org/packages/d1/d6/3965ed04c63042e047cb6a3e6ed1a63a35087b6a609aa3a15ed8ac56c221/colorama-0.4.6-py2.py3-none-any.whl", hash = "sha256:4f1d9991f5acc0ca119f9d443620b77f9d6b33703e51011c16baf57afb285fc6", size = 25335, upload-time = "2022-10-25T02:36:20.889Z" },
]

[[package]]
name = "dateparser"
version = "1.2.2"
source = { registry = "https://pypi.org/simple" }
dependencies = [
    { name = "python-dateutil" },
    { name = "pytz" },
    { name = "regex" },
    { name = "tzlocal" },
]
sdist = { url = "https://files.pythonhosted.org/packages/a9/30/064144f0df1749e7bb5faaa7f52b007d7c2d08ec08fed8411aba87207f68/dateparser-1.2.2.tar.gz", hash = "sha256:986316f17cb8cdc23ea8ce563027c5ef12fc725b6fb1d137c14ca08777c5ecf7", size = 329840, upload-time = "2025-06-26T09:29:23.211Z" }
wheels = [
    { url = "https://files.pythonhosted.org/packages/87/22/f020c047ae1346613db9322638186468238bcfa8849b4668a22b97faad65/dateparser-1.2.2-py3-none-any.whl", hash = "sha256:5a5d7211a09013499867547023a2a0c91d5a27d15dd4dbcea676ea9fe66f2482", size = 315453, upload-time = "2025-06-26T09:29:21.412Z" },
]

[[package]]
name = "discord-py"
version = "2.6.4"
source = { registry = "https://pypi.org/simple" }
dependencies = [
    { name = "aiohttp" },
]
sdist = { url = "https://files.pythonhosted.org/packages/ce/e7/9b1dbb9b2fc07616132a526c05af23cfd420381793968a189ee08e12e35f/discord_py-2.6.4.tar.gz", hash = "sha256:44384920bae9b7a073df64ae9b14c8cf85f9274b5ad5d1d07bd5a67539de2da9", size = 1092623, upload-time = "2025-10-08T21:45:43.593Z" }
wheels = [
    { url = "https://files.pythonhosted.org/packages/ca/ae/3d3a89b06f005dc5fa8618528dde519b3ba7775c365750f7932b9831ef05/discord_py-2.6.4-py3-none-any.whl", hash = "sha256:2783b7fb7f8affa26847bfc025144652c294e8fe6e0f8877c67ed895749eb227", size = 1209284, upload-time = "2025-10-08T21:45:41.679Z" },
]

[[package]]
name = "dotenv"
version = "0.9.9"
source = { registry = "https://pypi.org/simple" }
dependencies = [
    { name = "python-dotenv" },
]
wheels = [
    { url = "https://files.pythonhosted.org/packages/b2/b7/545d2c10c1fc15e48653c91efde329a790f2eecfbbf2bd16003b5db2bab0/dotenv-0.9.9-py2.py3-none-any.whl", hash = "sha256:29cf74a087b31dafdb5a446b6d7e11cbce8ed2741540e2339c69fbef92c94ce9", size = 1892, upload-time = "2025-02-19T22:15:01.647Z" },
]

[[package]]
name = "frozenlist"
version = "1.8.0"
source = { registry = "https://pypi.org/simple" }
sdist = { url = "https://files.pythonhosted.org/packages/2d/f5/c831fac6cc817d26fd54c7eaccd04ef7e0288806943f7cc5bbf69f3ac1f0/frozenlist-1.8.0.tar.gz", hash = "sha256:3ede829ed8d842f6cd48fc7081d7a41001a56f1f38603f9d49bf3020d59a31ad", size = 45875, upload-time = "2025-10-06T05:38:17.865Z" }
wheels = [
    { url = "https://files.pythonhosted.org/packages/69/29/948b9aa87e75820a38650af445d2ef2b6b8a6fab1a23b6bb9e4ef0be2d59/frozenlist-1.8.0-cp312-cp312-macosx_10_13_universal2.whl", hash = "sha256:78f7b9e5d6f2fdb88cdde9440dc147259b62b9d3b019924def9f6478be254ac1", size = 87782, upload-time = "2025-10-06T05:36:06.649Z" },
    { url = "https://files.pythonhosted.org/packages/64/80/4f6e318ee2a7c0750ed724fa33a4bdf1eacdc5a39a7a24e818a773cd91af/frozenlist-1.8.0-cp312-cp312-macosx_10_13_x86_64.whl", hash = "sha256:229bf37d2e4acdaf808fd3f06e854a4a7a3661e871b10dc1f8f1896a3b05f18b", size = 50594, upload-time = "2025-10-06T05:36:07.69Z" },
    { url = "https://files.pythonhosted.org/packages/2b/94/5c8a2b50a496b11dd519f4a24cb5496cf125681dd99e94c604ccdea9419a/frozenlist-1.8.0-cp312-cp312-macosx_11_0_arm64.whl", hash = "sha256:f833670942247a14eafbb675458b4e61c82e002a148f49e68257b79296e865c4", size = 50448, upload-time = "2025-10-06T05:36:08.78Z" },
    { url = "https://files.pythonhosted.org/packages/6a/bd/d91c5e39f490a49df14320f4e8c80161cfcce09f1e2cde1edd16a551abb3/frozenlist-1.8.0-cp312-cp312-manylinux1_x86_64.manylinux_2_28_x86_64.manylinux_2_5_x86_64.whl", hash = "sha256:494a5952b1c597ba44e0e78113a7266e656b9794eec897b19ead706bd7074383", size = 242411, upload-time = "2025-10-06T05:36:09.801Z" },
    { url = "https://files.pythonhosted.org/packages/8f/83/f61505a05109ef3293dfb1ff594d13d64a2324ac3482be2cedc2be818256/frozenlist-1.8.0-cp312-cp312-manylinux2014_aarch64.manylinux_2_17_aarch64.manylinux_2_28_aarch64.whl", hash = "sha256:96f423a119f4777a4a056b66ce11527366a8bb92f54e541ade21f2374433f6d4", size = 243014, upload-time = "2025-10-06T05:36:11.394Z" },
    { url = "https://files.pythonhosted.org/packages/d8/cb/cb6c7b0f7d4023ddda30cf56b8b17494eb3a79e3fda666bf735f63118b35/frozenlist-1.8.0-cp312-cp312-manylinux2014_armv7l.manylinux_2_17_armv7l.manylinux_2_31_armv7l.whl", hash = "sha256:3462dd9475af2025c31cc61be6652dfa25cbfb56cbbf52f4ccfe029f38decaf8", size = 234909, upload-time = "2025-10-06T05:36:12.598Z" },
    { url = "https://files.pythonhosted.org/packages/31/c5/cd7a1f3b8b34af009fb17d4123c5a778b44ae2804e3ad6b86204255f9ec5/frozenlist-1.8.0-cp312-cp312-manylinux2014_ppc64le.manylinux_2_17_ppc64le.manylinux_2_28_ppc64le.whl", hash = "sha256:c4c800524c9cd9bac5166cd6f55285957fcfc907db323e193f2afcd4d9abd69b", size = 250049, upload-time = "2025-10-06T05:36:14.065Z" },
    { url = "https://files.pythonhosted.org/packages/c0/01/2f95d3b416c584a1e7f0e1d6d31998c4a795f7544069ee2e0962a4b60740/frozenlist-1.8.0-cp312-cp312-manylinux2014_s390x.manylinux_2_17_s390x.manylinux_2_28_s390x.whl", hash = "sha256:d6a5df73acd3399d893dafc71663ad22534b5aa4f94e8a2fabfe856c3c1b6a52", size = 256485, upload-time = "2025-10-06T05:36:15.39Z" },
    { url = "https://files.pythonhosted.org/packages/ce/03/024bf7720b3abaebcff6d0793d73c154237b85bdf67b7ed55e5e9596dc9a/frozenlist-1.8.0-cp312-cp312-musllinux_1_2_aarch64.whl", hash = "sha256:405e8fe955c2280ce66428b3ca55e12b3c4e9c336fb2103a4937e891c69a4a29", size = 237619, upload-time = "2025-10-06T05:36:16.558Z" },
    { url = "https://files.pythonhosted.org/packages/69/fa/f8abdfe7d76b731f5d8bd217827cf6764d4f1d9763407e42717b4bed50a0/frozenlist-1.8.0-cp312-cp312-musllinux_1_2_armv7l.whl", hash = "sha256:908bd3f6439f2fef9e85031b59fd4f1297af54415fb60e4254a95f75b3cab3f3", size = 250320, upload-time = "2025-10-06T05:36:17.821Z" },
    { url = "https://files.pythonhosted.org/packages/f5/3c/b051329f718b463b22613e269ad72138cc256c540f78a6de89452803a47d/frozenlist-1.8.0-cp312-cp312-musllinux_1_2_ppc64le.whl", hash = "sha256:294e487f9ec720bd8ffcebc99d575f7eff3568a08a253d1ee1a0378754b74143", size = 246820, upload-time = "2025-10-06T05:36:19.046Z" },
    { url = "https://files.pythonhosted.org/packages/0f/ae/58282e8f98e444b3f4dd42448ff36fa38bef29e40d40f330b22e7108f565/frozenlist-1.8.0-cp312-cp312-musllinux_1_2_s390x.whl", hash = "sha256:74c51543498289c0c43656701be6b077f4b265868fa7f8a8859c197006efb608", size = 250518, upload-time = "2025-10-06T05:36:20.763Z" },
    { url = "https://files.pythonhosted.org/packages/8f/96/007e5944694d66123183845a106547a15944fbbb7154788cbf7272789536/frozenlist-1.8.0-cp312-cp312-musllinux_1_2_x86_64.whl", hash = "sha256:776f352e8329135506a1d6bf16ac3f87bc25b28e765949282dcc627af36123aa", size = 239096, upload-time = "2025-10-06T05:36:22.129Z" },
    { url = "https://files.pythonhosted.org/packages/66/bb/852b9d6db2fa40be96f29c0d1205c306288f0684df8fd26ca1951d461a56/frozenlist-1.8.0-cp312-cp312-win32.whl", hash = "sha256:433403ae80709741ce34038da08511d4a77062aa924baf411ef73d1146e74faf", size = 39985, upload-time = "2025-10-06T05:36:23.661Z" },
    { url = "https://files.pythonhosted.org/packages/b8/af/38e51a553dd66eb064cdf193841f16f077585d4d28394c2fa6235cb41765/frozenlist-1.8.0-cp312-cp312-win_amd64.whl", hash = "sha256:34187385b08f866104f0c0617404c8eb08165ab1272e884abc89c112e9c00746", size = 44591, upload-time = "2025-10-06T05:36:24.958Z" },
    { url = "https://files.pythonhosted.org/packages/a7/06/1dc65480ab147339fecc70797e9c2f69d9cea9cf38934ce08df070fdb9cb/frozenlist-1.8.0-cp312-cp312-win_arm64.whl", hash = "sha256:fe3c58d2f5db5fbd18c2987cba06d51b0529f52bc3a6cdc33d3f4eab725104bd", size = 40102, upload-time = "2025-10-06T05:36:26.333Z" },
    { url = "https://files.pythonhosted.org/packages/9a/9a/e35b4a917281c0b8419d4207f4334c8e8c5dbf4f3f5f9ada73958d937dcc/frozenlist-1.8.0-py3-none-any.whl", hash = "sha256:0c18a16eab41e82c295618a77502e17b195883241c563b00f0aa5106fc4eaa0d", size = 13409, upload-time = "2025-10-06T05:38:16.721Z" },
]

[[package]]
name = "idna"
version = "3.11"
source = { registry = "https://pypi.org/simple" }
sdist = { url = "https://files.pythonhosted.org/packages/6f/6d/0703ccc57f3a7233505399edb88de3cbd678da106337b9fcde432b65ed60/idna-3.11.tar.gz", hash = "sha256:795dafcc9c04ed0c1fb032c2aa73654d8e8c5023a7df64a53f39190ada629902", size = 194582, upload-time = "2025-10-12T14:55:20.501Z" }
wheels = [
    { url = "https://files.pythonhosted.org/packages/0e/61/66938bbb5fc52dbdf84594873d5b51fb1f7c7794e9c0f5bd885f30bc507b/idna-3.11-py3-none-any.whl", hash = "sha256:771a87f49d9defaf64091e6e6fe9c18d4833f140bd19464795bc32d966ca37ea", size = 71008, upload-time = "2025-10-12T14:55:18.883Z" },
]

[[package]]
name = "jachym"
version = "0.1.0"
source = { virtual = "." }
dependencies = [
    { name = "aiomysql" },
    { name = "dateparser" },
    { name = "discord-py" },
    { name = "dotenv" },
    { name = "loguru" },
]

[package.metadata]
requires-dist = [
    { name = "aiomysql", specifier = ">=0.3.2" },
    { name = "dateparser", specifier = ">=1.2.2" },
    { name = "discord-py", specifier = ">=2.6.4" },
    { name = "dotenv", specifier = ">=0.9.9" },
    { name = "loguru", specifier = ">=0.7.3" },
]

[[package]]
name = "loguru"
version = "0.7.3"
source = { registry = "https://pypi.org/simple" }
dependencies = [
    { name = "colorama", marker = "sys_platform == 'win32'" },
    { name = "win32-setctime", marker = "sys_platform == 'win32'" },
]
sdist = { url = "https://files.pythonhosted.org/packages/3a/05/a1dae3dffd1116099471c643b8924f5aa6524411dc6c63fdae648c4f1aca/loguru-0.7.3.tar.gz", hash = "sha256:19480589e77d47b8d85b2c827ad95d49bf31b0dcde16593892eb51dd18706eb6", size = 63559, upload-time = "2024-12-06T11:20:56.608Z" }
wheels = [
    { url = "https://files.pythonhosted.org/packages/0c/29/0348de65b8cc732daa3e33e67806420b2ae89bdce2b04af740289c5c6c8c/loguru-0.7.3-py3-none-any.whl", hash = "sha256:31a33c10c8e1e10422bfd431aeb5d351c7cf7fa671e3c4df004162264b28220c", size = 61595, upload-time = "2024-12-06T11:20:54.538Z" },
]

[[package]]
name = "multidict"
version = "6.7.0"
source = { registry = "https://pypi.org/simple" }
sdist = { url = "https://files.pythonhosted.org/packages/80/1e/5492c365f222f907de1039b91f922b93fa4f764c713ee858d235495d8f50/multidict-6.7.0.tar.gz", hash = "sha256:c6e99d9a65ca282e578dfea819cfa9c0a62b2499d8677392e09feaf305e9e6f5", size = 101834, upload-time = "2025-10-06T14:52:30.657Z" }
wheels = [
    { url = "https://files.pythonhosted.org/packages/c2/9e/9f61ac18d9c8b475889f32ccfa91c9f59363480613fc807b6e3023d6f60b/multidict-6.7.0-cp312-cp312-macosx_10_13_universal2.whl", hash = "sha256:8a3862568a36d26e650a19bb5cbbba14b71789032aebc0423f8cc5f150730184", size = 76877, upload-time = "2025-10-06T14:49:20.884Z" },
    { url = "https://files.pythonhosted.org/packages/38/6f/614f09a04e6184f8824268fce4bc925e9849edfa654ddd59f0b64508c595/multidict-6.7.0-cp312-cp312-macosx_10_13_x86_64.whl", hash = "sha256:960c60b5849b9b4f9dcc9bea6e3626143c252c74113df2c1540aebce70209b45", size = 45467, upload-time = "2025-10-06T14:49:22.054Z" },
    { url = "https://files.pythonhosted.org/packages/b3/93/c4f67a436dd026f2e780c433277fff72be79152894d9fc36f44569cab1a6/multidict-6.7.0-cp312-cp312-macosx_11_0_arm64.whl", hash = "sha256:2049be98fb57a31b4ccf870bf377af2504d4ae35646a19037ec271e4c07998aa", size = 43834, upload-time = "2025-10-06T14:49:23.566Z" },
    { url = "https://files.pythonhosted.org/packages/7f/f5/013798161ca665e4a422afbc5e2d9e4070142a9ff8905e482139cd09e4d0/multidict-6.7.0-cp312-cp312-manylinux1_i686.manylinux_2_28_i686.manylinux_2_5_i686.whl", hash = "sha256:0934f3843a1860dd465d38895c17fce1f1cb37295149ab05cd1b9a03afacb2a7", size = 250545, upload-time = "2025-10-06T14:49:24.882Z" },
    { url = "https://files.pythonhosted.org/packages/71/2f/91dbac13e0ba94669ea5119ba267c9a832f0cb65419aca75549fcf09a3dc/multidict-6.7.0-cp312-cp312-manylinux2014_aarch64.manylinux_2_17_aarch64.manylinux_2_28_aarch64.whl", hash = "sha256:b3e34f3a1b8131ba06f1a73adab24f30934d148afcd5f5de9a73565a4404384e", size = 258305, upload-time = "2025-10-06T14:49:26.778Z" },
    { url = "https://files.pythonhosted.org/packages/ef/b0/754038b26f6e04488b48ac621f779c341338d78503fb45403755af2df477/multidict-6.7.0-cp312-cp312-manylinux2014_armv7l.manylinux_2_17_armv7l.manylinux_2_31_armv7l.whl", hash = "sha256:efbb54e98446892590dc2458c19c10344ee9a883a79b5cec4bc34d6656e8d546", size = 242363, upload-time = "2025-10-06T14:49:28.562Z" },
    { url = "https://files.pythonhosted.org/packages/87/15/9da40b9336a7c9fa606c4cf2ed80a649dffeb42b905d4f63a1d7eb17d746/multidict-6.7.0-cp312-cp312-manylinux2014_ppc64le.manylinux_2_17_ppc64le.manylinux_2_28_ppc64le.whl", hash = "sha256:a35c5fc61d4f51eb045061e7967cfe3123d622cd500e8868e7c0c592a09fedc4", size = 268375, upload-time = "2025-10-06T14:49:29.96Z" },
    { url = "https://files.pythonhosted.org/packages/82/72/c53fcade0cc94dfaad583105fd92b3a783af2091eddcb41a6d5a52474000/multidict-6.7.0-cp312-cp312-manylinux2014_s390x.manylinux_2_17_s390x.manylinux_2_28_s390x.whl", hash = "sha256:29fe6740ebccba4175af1b9b87bf553e9c15cd5868ee967e010efcf94e4fd0f1", size = 269346, upload-time = "2025-10-06T14:49:31.404Z" },
    { url = "https://files.pythonhosted.org/packages/0d/e2/9baffdae21a76f77ef8447f1a05a96ec4bc0a24dae08767abc0a2fe680b8/multidict-6.7.0-cp312-cp312-manylinux2014_x86_64.manylinux_2_17_x86_64.manylinux_2_28_x86_64.whl", hash = "sha256:123e2a72e20537add2f33a79e605f6191fba2afda4cbb876e35c1a7074298a7d", size = 256107, upload-time = "2025-10-06T14:49:32.974Z" },
    { url = "https://files.pythonhosted.org/packages/3c/06/3f06f611087dc60d65ef775f1fb5aca7c6d61c6db4990e7cda0cef9b1651/multidict-6.7.0-cp312-cp312-musllinux_1_2_aarch64.whl", hash = "sha256:b284e319754366c1aee2267a2036248b24eeb17ecd5dc16022095e747f2f4304", size = 253592, upload-time = "2025-10-06T14:49:34.52Z" },
    { url = "https://files.pythonhosted.org/packages/20/24/54e804ec7945b6023b340c412ce9c3f81e91b3bf5fa5ce65558740141bee/multidict-6.7.0-cp312-cp312-musllinux_1_2_armv7l.whl", hash = "sha256:803d685de7be4303b5a657b76e2f6d1240e7e0a8aa2968ad5811fa2285553a12", size = 251024, upload-time = "2025-10-06T14:49:35.956Z" },
    { url = "https://files.pythonhosted.org/packages/14/48/011cba467ea0b17ceb938315d219391d3e421dfd35928e5dbdc3f4ae76ef/multidict-6.7.0-cp312-cp312-musllinux_1_2_i686.whl", hash = "sha256:c04a328260dfd5db8c39538f999f02779012268f54614902d0afc775d44e0a62", size = 251484, upload-time = "2025-10-06T14:49:37.631Z" },
    { url = "https://files.pythonhosted.org/packages/0d/2f/919258b43bb35b99fa127435cfb2d91798eb3a943396631ef43e3720dcf4/multidict-6.7.0-cp312-cp312-musllinux_1_2_ppc64le.whl", hash = "sha256:8a19cdb57cd3df4cd865849d93ee14920fb97224300c88501f16ecfa2604b4e0", size = 263579, upload-time = "2025-10-06T14:49:39.502Z" },
    { url = "https://files.pythonhosted.org/packages/31/22/a0e884d86b5242b5a74cf08e876bdf299e413016b66e55511f7a804a366e/multidict-6.7.0-cp312-cp312-musllinux_1_2_s390x.whl", hash = "sha256:9b2fd74c52accced7e75de26023b7dccee62511a600e62311b918ec5c168fc2a", size = 259654, upload-time = "2025-10-06T14:49:41.32Z" },
    { url = "https://files.pythonhosted.org/packages/b2/e5/17e10e1b5c5f5a40f2fcbb45953c9b215f8a4098003915e46a93f5fcaa8f/multidict-6.7.0-cp312-cp312-musllinux_1_2_x86_64.whl", hash = "sha256:3e8bfdd0e487acf992407a140d2589fe598238eaeffa3da8448d63a63cd363f8", size = 251511, upload-time = "2025-10-06T14:49:46.021Z" },
    { url = "https://files.pythonhosted.org/packages/e3/9a/201bb1e17e7af53139597069c375e7b0dcbd47594604f65c2d5359508566/multidict-6.7.0-cp312-cp312-win32.whl", hash = "sha256:dd32a49400a2c3d52088e120ee00c1e3576cbff7e10b98467962c74fdb762ed4", size = 41895, upload-time = "2025-10-06T14:49:48.718Z" },
    { url = "https://files.pythonhosted.org/packages/46/e2/348cd32faad84eaf1d20cce80e2bb0ef8d312c55bca1f7fa9865e7770aaf/multidict-6.7.0-cp312-cp312-win_amd64.whl", hash = "sha256:92abb658ef2d7ef22ac9f8bb88e8b6c3e571671534e029359b6d9e845923eb1b", size = 46073, upload-time = "2025-10-06T14:49:50.28Z" },
    { url = "https://files.pythonhosted.org/packages/25/ec/aad2613c1910dce907480e0c3aa306905830f25df2e54ccc9dea450cb5aa/multidict-6.7.0-cp312-cp312-win_arm64.whl", hash = "sha256:490dab541a6a642ce1a9d61a4781656b346a55c13038f0b1244653828e3a83ec", size = 43226, upload-time = "2025-10-06T14:49:52.304Z" },
    { url = "https://files.pythonhosted.org/packages/b7/da/7d22601b625e241d4f23ef1ebff8acfc60da633c9e7e7922e24d10f592b3/multidict-6.7.0-py3-none-any.whl", hash = "sha256:394fc5c42a333c9ffc3e421a4c85e08580d990e08b99f6bf35b4132114c5dcb3", size = 12317, upload-time = "2025-10-06T14:52:29.272Z" },
]

[[package]]
name = "propcache"
version = "0.4.1"
source = { registry = "https://pypi.org/simple" }
sdist = { url = "https://files.pythonhosted.org/packages/9e/da/e9fc233cf63743258bff22b3dfa7ea5baef7b5bc324af47a0ad89b8ffc6f/propcache-0.4.1.tar.gz", hash = "sha256:f48107a8c637e80362555f37ecf49abe20370e557cc4ab374f04ec4423c97c3d", size = 46442, upload-time = "2025-10-08T19:49:02.291Z" }
wheels = [
    { url = "https://files.pythonhosted.org/packages/a2/0f/f17b1b2b221d5ca28b4b876e8bb046ac40466513960646bda8e1853cdfa2/propcache-0.4.1-cp312-cp312-macosx_10_13_universal2.whl", hash = "sha256:e153e9cd40cc8945138822807139367f256f89c6810c2634a4f6902b52d3b4e2", size = 80061, upload-time = "2025-10-08T19:46:46.075Z" },
    { url = "https://files.pythonhosted.org/packages/76/47/8ccf75935f51448ba9a16a71b783eb7ef6b9ee60f5d14c7f8a8a79fbeed7/propcache-0.4.1-cp312-cp312-macosx_10_13_x86_64.whl", hash = "sha256:cd547953428f7abb73c5ad82cbb32109566204260d98e41e5dfdc682eb7f8403", size = 46037, upload-time = "2025-10-08T19:46:47.23Z" },
    { url = "https://files.pythonhosted.org/packages/0a/b6/5c9a0e42df4d00bfb4a3cbbe5cf9f54260300c88a0e9af1f47ca5ce17ac0/propcache-0.4.1-cp312-cp312-macosx_11_0_arm64.whl", hash = "sha256:f048da1b4f243fc44f205dfd320933a951b8d89e0afd4c7cacc762a8b9165207", size = 47324, upload-time = "2025-10-08T19:46:48.384Z" },
    { url = "https://files.pythonhosted.org/packages/9e/d3/6c7ee328b39a81ee877c962469f1e795f9db87f925251efeb0545e0020d0/propcache-0.4.1-cp312-cp312-manylinux2014_aarch64.manylinux_2_17_aarch64.manylinux_2_28_aarch64.whl", hash = "sha256:ec17c65562a827bba85e3872ead335f95405ea1674860d96483a02f5c698fa72", size = 225505, upload-time = "2025-10-08T19:46:50.055Z" },
    { url = "https://files.pythonhosted.org/packages/01/5d/1c53f4563490b1d06a684742cc6076ef944bc6457df6051b7d1a877c057b/propcache-0.4.1-cp312-cp312-manylinux2014_ppc64le.manylinux_2_17_ppc64le.manylinux_2_28_ppc64le.whl", hash = "sha256:405aac25c6394ef275dee4c709be43745d36674b223ba4eb7144bf4d691b7367", size = 230242, upload-time = "2025-10-08T19:46:51.815Z" },
    { url = "https://files.pythonhosted.org/packages/20/e1/ce4620633b0e2422207c3cb774a0ee61cac13abc6217763a7b9e2e3f4a12/propcache-0.4.1-cp312-cp312-manylinux2014_s390x.manylinux_2_17_s390x.manylinux_2_28_s390x.whl", hash = "sha256:0013cb6f8dde4b2a2f66903b8ba740bdfe378c943c4377a200551ceb27f379e4", size = 238474, upload-time = "2025-10-08T19:46:53.208Z" },
    { url = "https://files.pythonhosted.org/packages/46/4b/3aae6835b8e5f44ea6a68348ad90f78134047b503765087be2f9912140ea/propcache-0.4.1-cp312-cp312-manylinux2014_x86_64.manylinux_2_17_x86_64.manylinux_2_28_x86_64.whl", hash = "sha256:15932ab57837c3368b024473a525e25d316d8353016e7cc0e5ba9eb343fbb1cf", size = 221575, upload-time = "2025-10-08T19:46:54.511Z" },
    { url = "https://files.pythonhosted.org/packages/6e/a5/8a5e8678bcc9d3a1a15b9a29165640d64762d424a16af543f00629c87338/propcache-0.4.1-cp312-cp312-musllinux_1_2_aarch64.whl", hash = "sha256:031dce78b9dc099f4c29785d9cf5577a3faf9ebf74ecbd3c856a7b92768c3df3", size = 216736, upload-time = "2025-10-08T19:46:56.212Z" },
    { url = "https://files.pythonhosted.org/packages/f1/63/b7b215eddeac83ca1c6b934f89d09a625aa9ee4ba158338854c87210cc36/propcache-0.4.1-cp312-cp312-musllinux_1_2_armv7l.whl", hash = "sha256:ab08df6c9a035bee56e31af99be621526bd237bea9f32def431c656b29e41778", size = 213019, upload-time = "2025-10-08T19:46:57.595Z" },
    { url = "https://files.pythonhosted.org/packages/57/74/f580099a58c8af587cac7ba19ee7cb418506342fbbe2d4a4401661cca886/propcache-0.4.1-cp312-cp312-musllinux_1_2_ppc64le.whl", hash = "sha256:4d7af63f9f93fe593afbf104c21b3b15868efb2c21d07d8732c0c4287e66b6a6", size = 220376, upload-time = "2025-10-08T19:46:59.067Z" },
    { url = "https://files.pythonhosted.org/packages/c4/ee/542f1313aff7eaf19c2bb758c5d0560d2683dac001a1c96d0774af799843/propcache-0.4.1-cp312-cp312-musllinux_1_2_s390x.whl", hash = "sha256:cfc27c945f422e8b5071b6e93169679e4eb5bf73bbcbf1ba3ae3a83d2f78ebd9", size = 226988, upload-time = "2025-10-08T19:47:00.544Z" },
    { url = "https://files.pythonhosted.org/packages/8f/18/9c6b015dd9c6930f6ce2229e1f02fb35298b847f2087ea2b436a5bfa7287/propcache-0.4.1-cp312-cp312-musllinux_1_2_x86_64.whl", hash = "sha256:35c3277624a080cc6ec6f847cbbbb5b49affa3598c4535a0a4682a697aaa5c75", size = 215615, upload-time = "2025-10-08T19:47:01.968Z" },
    { url = "https://files.pythonhosted.org/packages/80/9e/e7b85720b98c45a45e1fca6a177024934dc9bc5f4d5dd04207f216fc33ed/propcache-0.4.1-cp312-cp312-win32.whl", hash = "sha256:671538c2262dadb5ba6395e26c1731e1d52534bfe9ae56d0b5573ce539266aa8", size = 38066, upload-time = "2025-10-08T19:47:03.503Z" },
    { url = "https://files.pythonhosted.org/packages/54/09/d19cff2a5aaac632ec8fc03737b223597b1e347416934c1b3a7df079784c/propcache-0.4.1-cp312-cp312-win_amd64.whl", hash = "sha256:cb2d222e72399fcf5890d1d5cc1060857b9b236adff2792ff48ca2dfd46c81db", size = 41655, upload-time = "2025-10-08T19:47:04.973Z" },
    { url = "https://files.pythonhosted.org/packages/68/ab/6b5c191bb5de08036a8c697b265d4ca76148efb10fa162f14af14fb5f076/propcache-0.4.1-cp312-cp312-win_arm64.whl", hash = "sha256:204483131fb222bdaaeeea9f9e6c6ed0cac32731f75dfc1d4a567fc1926477c1", size = 37789, upload-time = "2025-10-08T19:47:06.077Z" },
    { url = "https://files.pythonhosted.org/packages/5b/5a/bc7b4a4ef808fa59a816c17b20c4bef6884daebbdf627ff2a161da67da19/propcache-0.4.1-py3-none-any.whl", hash = "sha256:af2a6052aeb6cf17d3e46ee169099044fd8224cbaf75c76a2ef596e8163e2237", size = 13305, upload-time = "2025-10-08T19:49:00.792Z" },
]

[[package]]
name = "pymysql"
version = "1.1.2"
source = { registry = "https://pypi.org/simple" }
sdist = { url = "https://files.pythonhosted.org/packages/f5/ae/1fe3fcd9f959efa0ebe200b8de88b5a5ce3e767e38c7ac32fb179f16a388/pymysql-1.1.2.tar.gz", hash = "sha256:4961d3e165614ae65014e361811a724e2044ad3ea3739de9903ae7c21f539f03", size = 48258, upload-time = "2025-08-24T12:55:55.146Z" }
wheels = [
    { url = "https://files.pythonhosted.org/packages/7c/4c/ad33b92b9864cbde84f259d5df035a6447f91891f5be77788e2a3892bce3/pymysql-1.1.2-py3-none-any.whl", hash = "sha256:e6b1d89711dd51f8f74b1631fe08f039e7d76cf67a42a323d3178f0f25762ed9", size = 45300, upload-time = "2025-08-24T12:55:53.394Z" },
]

[[package]]
name = "python-dateutil"
version = "2.9.0.post0"
source = { registry = "https://pypi.org/simple" }
dependencies = [
    { name = "six" },
]
sdist = { url = "https://files.pythonhosted.org/packages/66/c0/0c8b6ad9f17a802ee498c46e004a0eb49bc148f2fd230864601a86dcf6db/python-dateutil-2.9.0.post0.tar.gz", hash = "sha256:37dd54208da7e1cd875388217d5e00ebd4179249f90fb72437e91a35459a0ad3", size = 342432, upload-time = "2024-03-01T18:36:20.211Z" }
wheels = [
    { url = "https://files.pythonhosted.org/packages/ec/57/56b9bcc3c9c6a792fcbaf139543cee77261f3651ca9da0c93f5c1221264b/python_dateutil-2.9.0.post0-py2.py3-none-any.whl", hash = "sha256:a8b2bc7bffae282281c8140a97d3aa9c14da0b136dfe83f850eea9a5f7470427", size = 229892, upload-time = "2024-03-01T18:36:18.57Z" },
]

[[package]]
name = "python-dotenv"
version = "1.2.1"
source = { registry = "https://pypi.org/simple" }
sdist = { url = "https://files.pythonhosted.org/packages/f0/26/19cadc79a718c5edbec86fd4919a6b6d3f681039a2f6d66d14be94e75fb9/python_dotenv-1.2.1.tar.gz", hash = "sha256:42667e897e16ab0d66954af0e60a9caa94f0fd4ecf3aaf6d2d260eec1aa36ad6", size = 44221, upload-time = "2025-10-26T15:12:10.434Z" }
wheels = [
    { url = "https://files.pythonhosted.org/packages/14/1b/a298b06749107c305e1fe0f814c6c74aea7b2f1e10989cb30f544a1b3253/python_dotenv-1.2.1-py3-none-any.whl", hash = "sha256:b81ee9561e9ca4004139c6cbba3a238c32b03e4894671e181b671e8cb8425d61", size = 21230, upload-time = "2025-10-26T15:12:09.109Z" },
]

[[package]]
name = "pytz"
version = "2025.2"
source = { registry = "https://pypi.org/simple" }
sdist = { url = "https://files.pythonhosted.org/packages/f8/bf/abbd3cdfb8fbc7fb3d4d38d320f2441b1e7cbe29be4f23797b4a2b5d8aac/pytz-2025.2.tar.gz", hash = "sha256:360b9e3dbb49a209c21ad61809c7fb453643e048b38924c765813546746e81c3", size = 320884, upload-time = "2025-03-25T02:25:00.538Z" }
wheels = [
    { url = "https://files.pythonhosted.org/packages/81/c4/34e93fe5f5429d7570ec1fa436f1986fb1f00c3e0f43a589fe2bbcd22c3f/pytz-2025.2-py2.py3-none-any.whl", hash = "sha256:5ddf76296dd8c44c26eb8f4b6f35488f3ccbf6fbbd7adee0b7262d43f0ec2f00", size = 509225, upload-time = "2025-03-25T02:24:58.468Z" },
]

[[package]]
name = "regex"
version = "2025.11.3"
source = { registry = "https://pypi.org/simple" }
sdist = { url = "https://files.pythonhosted.org/packages/cc/a9/546676f25e573a4cf00fe8e119b78a37b6a8fe2dc95cda877b30889c9c45/regex-2025.11.3.tar.gz", hash = "sha256:1fedc720f9bb2494ce31a58a1631f9c82df6a09b49c19517ea5cc280b4541e01", size = 414669, upload-time = "2025-11-03T21:34:22.089Z" }
wheels = [
    { url = "https://files.pythonhosted.org/packages/e8/74/18f04cb53e58e3fb107439699bd8375cf5a835eec81084e0bddbd122e4c2/regex-2025.11.3-cp312-cp312-macosx_10_13_universal2.whl", hash = "sha256:bc8ab71e2e31b16e40868a40a69007bc305e1109bd4658eb6cad007e0bf67c41", size = 489312, upload-time = "2025-11-03T21:31:34.343Z" },
    { url = "https://files.pythonhosted.org/packages/78/3f/37fcdd0d2b1e78909108a876580485ea37c91e1acf66d3bb8e736348f441/regex-2025.11.3-cp312-cp312-macosx_10_13_x86_64.whl", hash = "sha256:22b29dda7e1f7062a52359fca6e58e548e28c6686f205e780b02ad8ef710de36", size = 291256, upload-time = "2025-11-03T21:31:35.675Z" },
    { url = "https://files.pythonhosted.org/packages/bf/26/0a575f58eb23b7ebd67a45fccbc02ac030b737b896b7e7a909ffe43ffd6a/regex-2025.11.3-cp312-cp312-macosx_11_0_arm64.whl", hash = "sha256:3a91e4a29938bc1a082cc28fdea44be420bf2bebe2665343029723892eb073e1", size = 288921, upload-time = "2025-11-03T21:31:37.07Z" },
    { url = "https://files.pythonhosted.org/packages/ea/98/6a8dff667d1af907150432cf5abc05a17ccd32c72a3615410d5365ac167a/regex-2025.11.3-cp312-cp312-manylinux2014_aarch64.manylinux_2_17_aarch64.manylinux_2_28_aarch64.whl", hash = "sha256:08b884f4226602ad40c5d55f52bf91a9df30f513864e0054bad40c0e9cf1afb7", size = 798568, upload-time = "2025-11-03T21:31:38.784Z" },
    { url = "https://files.pythonhosted.org/packages/64/15/92c1db4fa4e12733dd5a526c2dd2b6edcbfe13257e135fc0f6c57f34c173/regex-2025.11.3-cp312-cp312-manylinux2014_ppc64le.manylinux_2_17_ppc64le.manylinux_2_28_ppc64le.whl", hash = "sha256:3e0b11b2b2433d1c39c7c7a30e3f3d0aeeea44c2a8d0bae28f6b95f639927a69", size = 864165, upload-time = "2025-11-03T21:31:40.559Z" },
    { url = "https://files.pythonhosted.org/packages/f9/e7/3ad7da8cdee1ce66c7cd37ab5ab05c463a86ffeb52b1a25fe7bd9293b36c/regex-2025.11.3-cp312-cp312-manylinux2014_s390x.manylinux_2_17_s390x.manylinux_2_28_s390x.whl", hash = "sha256:87eb52a81ef58c7ba4d45c3ca74e12aa4b4e77816f72ca25258a85b3ea96cb48", size = 912182, upload-time = "2025-11-03T21:31:42.002Z" },
    { url = "https://files.pythonhosted.org/packages/84/bd/9ce9f629fcb714ffc2c3faf62b6766ecb7a585e1e885eb699bcf130a5209/regex-2025.11.3-cp312-cp312-manylinux2014_x86_64.manylinux_2_17_x86_64.manylinux_2_28_x86_64.whl", hash = "sha256:a12ab1f5c29b4e93db518f5e3872116b7e9b1646c9f9f426f777b50d44a09e8c", size = 803501, upload-time = "2025-11-03T21:31:43.815Z" },
    { url = "https://files.pythonhosted.org/packages/7c/0f/8dc2e4349d8e877283e6edd6c12bdcebc20f03744e86f197ab6e4492bf08/regex-2025.11.3-cp312-cp312-musllinux_1_2_aarch64.whl", hash = "sha256:7521684c8c7c4f6e88e35ec89680ee1aa8358d3f09d27dfbdf62c446f5d4c695", size = 787842, upload-time = "2025-11-03T21:31:45.353Z" },
    { url = "https://files.pythonhosted.org/packages/f9/73/cff02702960bc185164d5619c0c62a2f598a6abff6695d391b096237d4ab/regex-2025.11.3-cp312-cp312-musllinux_1_2_ppc64le.whl", hash = "sha256:7fe6e5440584e94cc4b3f5f4d98a25e29ca12dccf8873679a635638349831b98", size = 858519, upload-time = "2025-11-03T21:31:46.814Z" },
    { url = "https://files.pythonhosted.org/packages/61/83/0e8d1ae71e15bc1dc36231c90b46ee35f9d52fab2e226b0e039e7ea9c10a/regex-2025.11.3-cp312-cp312-musllinux_1_2_s390x.whl", hash = "sha256:8e026094aa12b43f4fd74576714e987803a315c76edb6b098b9809db5de58f74", size = 850611, upload-time = "2025-11-03T21:31:48.289Z" },
    { url = "https://files.pythonhosted.org/packages/c8/f5/70a5cdd781dcfaa12556f2955bf170cd603cb1c96a1827479f8faea2df97/regex-2025.11.3-cp312-cp312-musllinux_1_2_x86_64.whl", hash = "sha256:435bbad13e57eb5606a68443af62bed3556de2f46deb9f7d4237bc2f1c9fb3a0", size = 789759, upload-time = "2025-11-03T21:31:49.759Z" },
    { url = "https://files.pythonhosted.org/packages/59/9b/7c29be7903c318488983e7d97abcf8ebd3830e4c956c4c540005fcfb0462/regex-2025.11.3-cp312-cp312-win32.whl", hash = "sha256:3839967cf4dc4b985e1570fd8d91078f0c519f30491c60f9ac42a8db039be204", size = 266194, upload-time = "2025-11-03T21:31:51.53Z" },
    { url = "https://files.pythonhosted.org/packages/1a/67/3b92df89f179d7c367be654ab5626ae311cb28f7d5c237b6bb976cd5fbbb/regex-2025.11.3-cp312-cp312-win_amd64.whl", hash = "sha256:e721d1b46e25c481dc5ded6f4b3f66c897c58d2e8cfdf77bbced84339108b0b9", size = 277069, upload-time = "2025-11-03T21:31:53.151Z" },
    { url = "https://files.pythonhosted.org/packages/d7/55/85ba4c066fe5094d35b249c3ce8df0ba623cfd35afb22d6764f23a52a1c5/regex-2025.11.3-cp312-cp312-win_arm64.whl", hash = "sha256:64350685ff08b1d3a6fff33f45a9ca183dc1d58bbfe4981604e70ec9801bbc26", size = 270330, upload-time = "2025-11-03T21:31:54.514Z" },
]

[[package]]
name = "six"
version = "1.17.0"
source = { registry = "https://pypi.org/simple" }
sdist = { url = "https://files.pythonhosted.org/packages/94/e7/b2c673351809dca68a0e064b6af791aa332cf192da575fd474ed7d6f16a2/six-1.17.0.tar.gz", hash = "sha256:ff70335d468e7eb6ec65b95b99d3a2836546063f63acc5171de367e834932a81", size = 34031, upload-time = "2024-12-04T17:35:28.174Z" }
wheels = [
    { url = "https://files.pythonhosted.org/packages/b7/ce/149a00dd41f10bc29e5921b496af8b574d8413afcd5e30dfa0ed46c2cc5e/six-1.17.0-py2.py3-none-any.whl", hash = "sha256:4721f391ed90541fddacab5acf947aa0d3dc7d27b2e1e8eda2be8970586c3274", size = 11050, upload-time = "2024-12-04T17:35:26.475Z" },
]

[[package]]
name = "typing-extensions"
version = "4.15.0"
source = { registry = "https://pypi.org/simple" }
sdist = { url = "https://files.pythonhosted.org/packages/72/94/1a15dd82efb362ac84269196e94cf00f187f7ed21c242792a923cdb1c61f/typing_extensions-4.15.0.tar.gz", hash = "sha256:0cea48d173cc12fa28ecabc3b837ea3cf6f38c6d1136f85cbaaf598984861466", size = 109391, upload-time = "2025-08-25T13:49:26.313Z" }
wheels = [
    { url = "https://files.pythonhosted.org/packages/18/67/36e9267722cc04a6b9f15c7f3441c2363321a3ea07da7ae0c0707beb2a9c/typing_extensions-4.15.0-py3-none-any.whl", hash = "sha256:f0fa19c6845758ab08074a0cfa8b7aecb71c999ca73d62883bc25cc018c4e548", size = 44614, upload-time = "2025-08-25T13:49:24.86Z" },
]

[[package]]
name = "tzdata"
version = "2025.2"
source = { registry = "https://pypi.org/simple" }
sdist = { url = "https://files.pythonhosted.org/packages/95/32/1a225d6164441be760d75c2c42e2780dc0873fe382da3e98a2e1e48361e5/tzdata-2025.2.tar.gz", hash = "sha256:b60a638fcc0daffadf82fe0f57e53d06bdec2f36c4df66280ae79bce6bd6f2b9", size = 196380, upload-time = "2025-03-23T13:54:43.652Z" }
wheels = [
    { url = "https://files.pythonhosted.org/packages/5c/23/c7abc0ca0a1526a0774eca151daeb8de62ec457e77262b66b359c3c7679e/tzdata-2025.2-py2.py3-none-any.whl", hash = "sha256:1a403fada01ff9221ca8044d701868fa132215d84beb92242d9acd2147f667a8", size = 347839, upload-time = "2025-03-23T13:54:41.845Z" },
]

[[package]]
name = "tzlocal"
version = "5.3.1"
source = { registry = "https://pypi.org/simple" }
dependencies = [
    { name = "tzdata", marker = "sys_platform == 'win32'" },
]
sdist = { url = "https://files.pythonhosted.org/packages/8b/2e/c14812d3d4d9cd1773c6be938f89e5735a1f11a9f184ac3639b93cef35d5/tzlocal-5.3.1.tar.gz", hash = "sha256:cceffc7edecefea1f595541dbd6e990cb1ea3d19bf01b2809f362a03dd7921fd", size = 30761, upload-time = "2025-03-05T21:17:41.549Z" }
wheels = [
    { url = "https://files.pythonhosted.org/packages/c2/14/e2a54fabd4f08cd7af1c07030603c3356b74da07f7cc056e600436edfa17/tzlocal-5.3.1-py3-none-any.whl", hash = "sha256:eb1a66c3ef5847adf7a834f1be0800581b683b5608e74f86ecbcef8ab91bb85d", size = 18026, upload-time = "2025-03-05T21:17:39.857Z" },
]

[[package]]
name = "win32-setctime"
version = "1.2.0"
source = { registry = "https://pypi.org/simple" }
sdist = { url = "https://files.pythonhosted.org/packages/b3/8f/705086c9d734d3b663af0e9bb3d4de6578d08f46b1b101c2442fd9aecaa2/win32_setctime-1.2.0.tar.gz", hash = "sha256:ae1fdf948f5640aae05c511ade119313fb6a30d7eabe25fef9764dca5873c4c0", size = 4867, upload-time = "2024-12-07T15:28:28.314Z" }
wheels = [
    { url = "https://files.pythonhosted.org/packages/e1/07/c6fe3ad3e685340704d314d765b7912993bcb8dc198f0e7a89382d37974b/win32_setctime-1.2.0-py3-none-any.whl", hash = "sha256:95d644c4e708aba81dc3704a116d8cbc974d70b3bdb8be1d150e36be6e9d1390", size = 4083, upload-time = "2024-12-07T15:28:26.465Z" },
]

[[package]]
name = "yarl"
version = "1.22.0"
source = { registry = "https://pypi.org/simple" }
dependencies = [
    { name = "idna" },
    { name = "multidict" },
    { name = "propcache" },
]
sdist = { url = "https://files.pythonhosted.org/packages/57/63/0c6ebca57330cd313f6102b16dd57ffaf3ec4c83403dcb45dbd15c6f3ea1/yarl-1.22.0.tar.gz", hash = "sha256:bebf8557577d4401ba8bd9ff33906f1376c877aa78d1fe216ad01b4d6745af71", size = 187169, upload-time = "2025-10-06T14:12:55.963Z" }
wheels = [
    { url = "https://files.pythonhosted.org/packages/75/ff/46736024fee3429b80a165a732e38e5d5a238721e634ab41b040d49f8738/yarl-1.22.0-cp312-cp312-macosx_10_13_universal2.whl", hash = "sha256:e340382d1afa5d32b892b3ff062436d592ec3d692aeea3bef3a5cfe11bbf8c6f", size = 142000, upload-time = "2025-10-06T14:09:44.631Z" },
    { url = "https://files.pythonhosted.org/packages/5a/9a/b312ed670df903145598914770eb12de1bac44599549b3360acc96878df8/yarl-1.22.0-cp312-cp312-macosx_10_13_x86_64.whl", hash = "sha256:f1e09112a2c31ffe8d80be1b0988fa6a18c5d5cad92a9ffbb1c04c91bfe52ad2", size = 94338, upload-time = "2025-10-06T14:09:46.372Z" },
    { url = "https://files.pythonhosted.org/packages/ba/f5/0601483296f09c3c65e303d60c070a5c19fcdbc72daa061e96170785bc7d/yarl-1.22.0-cp312-cp312-macosx_11_0_arm64.whl", hash = "sha256:939fe60db294c786f6b7c2d2e121576628468f65453d86b0fe36cb52f987bd74", size = 94909, upload-time = "2025-10-06T14:09:48.648Z" },
    { url = "https://files.pythonhosted.org/packages/60/41/9a1fe0b73dbcefce72e46cf149b0e0a67612d60bfc90fb59c2b2efdfbd86/yarl-1.22.0-cp312-cp312-manylinux2014_aarch64.manylinux_2_17_aarch64.manylinux_2_28_aarch64.whl", hash = "sha256:e1651bf8e0398574646744c1885a41198eba53dc8a9312b954073f845c90a8df", size = 372940, upload-time = "2025-10-06T14:09:50.089Z" },
    { url = "https://files.pythonhosted.org/packages/17/7a/795cb6dfee561961c30b800f0ed616b923a2ec6258b5def2a00bf8231334/yarl-1.22.0-cp312-cp312-manylinux2014_armv7l.manylinux_2_17_armv7l.manylinux_2_31_armv7l.whl", hash = "sha256:b8a0588521a26bf92a57a1705b77b8b59044cdceccac7151bd8d229e66b8dedb", size = 345825, upload-time = "2025-10-06T14:09:52.142Z" },
    { url = "https://files.pythonhosted.org/packages/d7/93/a58f4d596d2be2ae7bab1a5846c4d270b894958845753b2c606d666744d3/yarl-1.22.0-cp312-cp312-manylinux2014_ppc64le.manylinux_2_17_ppc64le.manylinux_2_28_ppc64le.whl", hash = "sha256:42188e6a615c1a75bcaa6e150c3fe8f3e8680471a6b10150c5f7e83f47cc34d2", size = 386705, upload-time = "2025-10-06T14:09:54.128Z" },
    { url = "https://files.pythonhosted.org/packages/61/92/682279d0e099d0e14d7fd2e176bd04f48de1484f56546a3e1313cd6c8e7c/yarl-1.22.0-cp312-cp312-manylinux2014_s390x.manylinux_2_17_s390x.manylinux_2_28_s390x.whl", hash = "sha256:f6d2cb59377d99718913ad9a151030d6f83ef420a2b8f521d94609ecc106ee82", size = 396518, upload-time = "2025-10-06T14:09:55.762Z" },
    { url = "https://files.pythonhosted.org/packages/db/0f/0d52c98b8a885aeda831224b78f3be7ec2e1aa4a62091f9f9188c3c65b56/yarl-1.22.0-cp312-cp312-manylinux2014_x86_64.manylinux_2_17_x86_64.manylinux_2_28_x86_64.whl", hash = "sha256:50678a3b71c751d58d7908edc96d332af328839eea883bb554a43f539101277a", size = 377267, upload-time = "2025-10-06T14:09:57.958Z" },
    { url = "https://files.pythonhosted.org/packages/22/42/d2685e35908cbeaa6532c1fc73e89e7f2efb5d8a7df3959ea8e37177c5a3/yarl-1.22.0-cp312-cp312-musllinux_1_2_aarch64.whl", hash = "sha256:1e8fbaa7cec507aa24ea27a01456e8dd4b6fab829059b69844bd348f2d467124", size = 365797, upload-time = "2025-10-06T14:09:59.527Z" },
    { url = "https://files.pythonhosted.org/packages/a2/83/cf8c7bcc6355631762f7d8bdab920ad09b82efa6b722999dfb05afa6cfac/yarl-1.22.0-cp312-cp312-musllinux_1_2_armv7l.whl", hash = "sha256:433885ab5431bc3d3d4f2f9bd15bfa1614c522b0f1405d62c4f926ccd69d04fa", size = 365535, upload-time = "2025-10-06T14:10:01.139Z" },
    { url = "https://files.pythonhosted.org/packages/25/e1/5302ff9b28f0c59cac913b91fe3f16c59a033887e57ce9ca5d41a3a94737/yarl-1.22.0-cp312-cp312-musllinux_1_2_ppc64le.whl", hash = "sha256:b790b39c7e9a4192dc2e201a282109ed2985a1ddbd5ac08dc56d0e121400a8f7", size = 382324, upload-time = "2025-10-06T14:10:02.756Z" },
    { url = "https://files.pythonhosted.org/packages/bf/cd/4617eb60f032f19ae3a688dc990d8f0d89ee0ea378b61cac81ede3e52fae/yarl-1.22.0-cp312-cp312-musllinux_1_2_s390x.whl", hash = "sha256:31f0b53913220599446872d757257be5898019c85e7971599065bc55065dc99d", size = 383803, upload-time = "2025-10-06T14:10:04.552Z" },
    { url = "https://files.pythonhosted.org/packages/59/65/afc6e62bb506a319ea67b694551dab4a7e6fb7bf604e9bd9f3e11d575fec/yarl-1.22.0-cp312-cp312-musllinux_1_2_x86_64.whl", hash = "sha256:a49370e8f711daec68d09b821a34e1167792ee2d24d405cbc2387be4f158b520", size = 374220, upload-time = "2025-10-06T14:10:06.489Z" },
    { url = "https://files.pythonhosted.org/packages/e7/3d/68bf18d50dc674b942daec86a9ba922d3113d8399b0e52b9897530442da2/yarl-1.22.0-cp312-cp312-win32.whl", hash = "sha256:70dfd4f241c04bd9239d53b17f11e6ab672b9f1420364af63e8531198e3f5fe8", size = 81589, upload-time = "2025-10-06T14:10:09.254Z" },
    { url = "https://files.pythonhosted.org/packages/c8/9a/6ad1a9b37c2f72874f93e691b2e7ecb6137fb2b899983125db4204e47575/yarl-1.22.0-cp312-cp312-win_amd64.whl", hash = "sha256:8884d8b332a5e9b88e23f60bb166890009429391864c685e17bd73a9eda9105c", size = 87213, upload-time = "2025-10-06T14:10:11.369Z" },
    { url = "https://files.pythonhosted.org/packages/44/c5/c21b562d1680a77634d748e30c653c3ca918beb35555cff24986fff54598/yarl-1.22.0-cp312-cp312-win_arm64.whl", hash = "sha256:ea70f61a47f3cc93bdf8b2f368ed359ef02a01ca6393916bc8ff877427181e74", size = 81330, upload-time = "2025-10-06T14:10:13.112Z" },
    { url = "https://files.pythonhosted.org/packages/73/ae/b48f95715333080afb75a4504487cbe142cae1268afc482d06692d605ae6/yarl-1.22.0-py3-none-any.whl", hash = "sha256:1380560bdba02b6b6c90de54133c81c9f2a453dee9912fe58c1dcced1edb7cff", size = 46814, upload-time = "2025-10-06T14:12:53.872Z" },
]
